
Microsoft Visual Studio Solution File, Format Version 12.00
# Visual Studio 15
VisualStudioVersion = 15.0.28307.645
MinimumVisualStudioVersion = 10.0.40219.1
Project("{9A19103F-16F7-4668-BE54-9A1E7A4F7556}") = "TimeStone.API", "TimeStone.API\TimeStone.API.csproj", "{8AF38B43-37AB-4239-A4C4-386ED6527D7B}"
EndProject
Project("{9A19103F-16F7-4668-BE54-9A1E7A4F7556}") = "TimeStone.Identity.Server", "TimeStone.Identity.Server\TimeStone.Identity.Server.csproj", "{E8C732B0-46AF-4646-8004-E532BD4BFB4D}"
EndProject
Project("{FAE04EC0-301F-11D3-BF4B-00C04F79EFBC}") = "TimeStone.Mvc", "TimeStone.Mvc\TimeStone.Mvc.csproj", "{33C8495C-6579-4C3A-94BD-3B70CF58FDF6}"
EndProject
Global
	GlobalSection(SolutionConfigurationPlatforms) = preSolution
		Debug|Any CPU = Debug|Any CPU
		Release|Any CPU = Release|Any CPU
	EndGlobalSection
	GlobalSection(ProjectConfigurationPlatforms) = postSolution
		{8AF38B43-37AB-4239-A4C4-386ED6527D7B}.Debug|Any CPU.ActiveCfg = Debug|Any CPU
		{8AF38B43-37AB-4239-A4C4-386ED6527D7B}.Debug|Any CPU.Build.0 = Debug|Any CPU
		{8AF38B43-37AB-4239-A4C4-386ED6527D7B}.Release|Any CPU.ActiveCfg = Release|Any CPU
		{8AF38B43-37AB-4239-A4C4-386ED6527D7B}.Release|Any CPU.Build.0 = Release|Any CPU
		{E8C732B0-46AF-4646-8004-E532BD4BFB4D}.Debug|Any CPU.ActiveCfg = Debug|Any CPU
		{E8C732B0-46AF-4646-8004-E532BD4BFB4D}.Debug|Any CPU.Build.0 = Debug|Any CPU
		{E8C732B0-46AF-4646-8004-E532BD4BFB4D}.Release|Any CPU.ActiveCfg = Release|Any CPU
		{E8C732B0-46AF-4646-8004-E532BD4BFB4D}.Release|Any CPU.Build.0 = Release|Any CPU
		{33C8495C-6579-4C3A-94BD-3B70CF58FDF6}.Debug|Any CPU.ActiveCfg = Debug|Any CPU
		{33C8495C-6579-4C3A-94BD-3B70CF58FDF6}.Debug|Any CPU.Build.0 = Debug|Any CPU
		{33C8495C-6579-4C3A-94BD-3B70CF58FDF6}.Release|Any CPU.ActiveCfg = Release|Any CPU
		{33C8495C-6579-4C3A-94BD-3B70CF58FDF6}.Release|Any CPU.Build.0 = Release|Any CPU
	EndGlobalSection
	GlobalSection(SolutionProperties) = preSolution
		HideSolutionNode = FALSE
	EndGlobalSection
	GlobalSection(ExtensibilityGlobals) = postSolution
		SolutionGuid = {0DF5873B-F3B8-4894-BF70-43E2547EC650}
	EndGlobalSection
EndGlobal
